
Microsoft Visual Studio Solution File, Format Version 12.00
Project("{FAE04EC0-301F-11D3-BF4B-00C04F79EFBC}") = "Simpler.Net.Main", "Simpler.Net.Main\Simpler.Net.Main.csproj", "{0E7C7053-380C-418B-A936-E39036045469}"
EndProject
Project("{FAE04EC0-301F-11D3-BF4B-00C04F79EFBC}") = "Simpler.Net.Main.Tests", "Simpler.Net.Main.Tests\Simpler.Net.Main.Tests.csproj", "{D5795A14-CA13-4DE9-9A2D-AD891F8D9291}"
EndProject
Global
	GlobalSection(SolutionConfigurationPlatforms) = preSolution
		Debug|Any CPU = Debug|Any CPU
		Release|Any CPU = Release|Any CPU
	EndGlobalSection
	GlobalSection(ProjectConfigurationPlatforms) = postSolution
		{0E7C7053-380C-418B-A936-E39036045469}.Debug|Any CPU.ActiveCfg = Debug|Any CPU
		{0E7C7053-380C-418B-A936-E39036045469}.Debug|Any CPU.Build.0 = Debug|Any CPU
		{0E7C7053-380C-418B-A936-E39036045469}.Release|Any CPU.ActiveCfg = Release|Any CPU
		{0E7C7053-380C-418B-A936-E39036045469}.Release|Any CPU.Build.0 = Release|Any CPU
		{D5795A14-CA13-4DE9-9A2D-AD891F8D9291}.Debug|Any CPU.ActiveCfg = Debug|Any CPU
		{D5795A14-CA13-4DE9-9A2D-AD891F8D9291}.Debug|Any CPU.Build.0 = Debug|Any CPU
		{D5795A14-CA13-4DE9-9A2D-AD891F8D9291}.Release|Any CPU.ActiveCfg = Release|Any CPU
		{D5795A14-CA13-4DE9-9A2D-AD891F8D9291}.Release|Any CPU.Build.0 = Release|Any CPU
	EndGlobalSection
EndGlobal
