
Microsoft Visual Studio Solution File, Format Version 12.00
# Visual Studio 15
VisualStudioVersion = 15.0.26206.0
MinimumVisualStudioVersion = 10.0.40219.1
Project("{9A19103F-16F7-4668-BE54-9A1E7A4F7556}") = "Simpler.Net.netstandard", "Simpler.Net\Simpler.Net.netstandard.csproj", "{D7D68D1F-402F-4B2B-B28B-58970360BD14}"
EndProject
Project("{9A19103F-16F7-4668-BE54-9A1E7A4F7556}") = "Simpler.Net.FileSystem.netstandard", "Simpler.Net.FileSystem\Simpler.Net.FileSystem.netstandard.csproj", "{246F26ED-FB78-42A6-A318-17EBB5597FFC}"
EndProject
Project("{9A19103F-16F7-4668-BE54-9A1E7A4F7556}") = "Simpler.Net.Text.netstandard", "Simpler.Net.Text\Simpler.Net.Text.netstandard.csproj", "{4B1D8FEE-375E-477F-A7C1-1B82D7FC2319}"
EndProject
Project("{9A19103F-16F7-4668-BE54-9A1E7A4F7556}") = "Simpler.Net.Http.dotnetstandard", "D:\home\martin\dev\misc\Simpler.Net\Simpler.Net.Http\Simpler.Net.Http.dotnetstandard.csproj", "{558E9DBF-7190-480C-B1BE-6C96EAC310F9}"
EndProject
Project("{9A19103F-16F7-4668-BE54-9A1E7A4F7556}") = "Simpler.Net.Time.netstandard", "Simpler.Net.Time\Simpler.Net.Time.netstandard.csproj", "{A419A9FE-6748-4AFB-9D0B-0BE2CB1AA5A1}"
EndProject
Project("{FAE04EC0-301F-11D3-BF4B-00C04F79EFBC}") = "Simpler.Net.Time.Tests.netstandard", "Simpler.Net.Time.Tests\Simpler.Net.Time.Tests.netstandard.csproj", "{0C33661A-BAC8-4275-9DF6-1FF8BE5965F9}"
EndProject
Global
	GlobalSection(SolutionConfigurationPlatforms) = preSolution
		Debug|Any CPU = Debug|Any CPU
		Debug|x64 = Debug|x64
		Debug|x86 = Debug|x86
		Release|Any CPU = Release|Any CPU
		Release|x64 = Release|x64
		Release|x86 = Release|x86
	EndGlobalSection
	GlobalSection(ProjectConfigurationPlatforms) = postSolution
		{D7D68D1F-402F-4B2B-B28B-58970360BD14}.Debug|Any CPU.ActiveCfg = Debug|Any CPU
		{D7D68D1F-402F-4B2B-B28B-58970360BD14}.Debug|Any CPU.Build.0 = Debug|Any CPU
		{D7D68D1F-402F-4B2B-B28B-58970360BD14}.Debug|x64.ActiveCfg = Debug|x64
		{D7D68D1F-402F-4B2B-B28B-58970360BD14}.Debug|x64.Build.0 = Debug|x64
		{D7D68D1F-402F-4B2B-B28B-58970360BD14}.Debug|x86.ActiveCfg = Debug|x86
		{D7D68D1F-402F-4B2B-B28B-58970360BD14}.Debug|x86.Build.0 = Debug|x86
		{D7D68D1F-402F-4B2B-B28B-58970360BD14}.Release|Any CPU.ActiveCfg = Release|Any CPU
		{D7D68D1F-402F-4B2B-B28B-58970360BD14}.Release|Any CPU.Build.0 = Release|Any CPU
		{D7D68D1F-402F-4B2B-B28B-58970360BD14}.Release|x64.ActiveCfg = Release|x64
		{D7D68D1F-402F-4B2B-B28B-58970360BD14}.Release|x64.Build.0 = Release|x64
		{D7D68D1F-402F-4B2B-B28B-58970360BD14}.Release|x86.ActiveCfg = Release|x86
		{D7D68D1F-402F-4B2B-B28B-58970360BD14}.Release|x86.Build.0 = Release|x86
		{246F26ED-FB78-42A6-A318-17EBB5597FFC}.Debug|Any CPU.ActiveCfg = Debug|Any CPU
		{246F26ED-FB78-42A6-A318-17EBB5597FFC}.Debug|Any CPU.Build.0 = Debug|Any CPU
		{246F26ED-FB78-42A6-A318-17EBB5597FFC}.Debug|x64.ActiveCfg = Debug|x64
		{246F26ED-FB78-42A6-A318-17EBB5597FFC}.Debug|x64.Build.0 = Debug|x64
		{246F26ED-FB78-42A6-A318-17EBB5597FFC}.Debug|x86.ActiveCfg = Debug|x86
		{246F26ED-FB78-42A6-A318-17EBB5597FFC}.Debug|x86.Build.0 = Debug|x86
		{246F26ED-FB78-42A6-A318-17EBB5597FFC}.Release|Any CPU.ActiveCfg = Release|Any CPU
		{246F26ED-FB78-42A6-A318-17EBB5597FFC}.Release|Any CPU.Build.0 = Release|Any CPU
		{246F26ED-FB78-42A6-A318-17EBB5597FFC}.Release|x64.ActiveCfg = Release|x64
		{246F26ED-FB78-42A6-A318-17EBB5597FFC}.Release|x64.Build.0 = Release|x64
		{246F26ED-FB78-42A6-A318-17EBB5597FFC}.Release|x86.ActiveCfg = Release|x86
		{246F26ED-FB78-42A6-A318-17EBB5597FFC}.Release|x86.Build.0 = Release|x86
		{4B1D8FEE-375E-477F-A7C1-1B82D7FC2319}.Debug|Any CPU.ActiveCfg = Debug|Any CPU
		{4B1D8FEE-375E-477F-A7C1-1B82D7FC2319}.Debug|Any CPU.Build.0 = Debug|Any CPU
		{4B1D8FEE-375E-477F-A7C1-1B82D7FC2319}.Debug|x64.ActiveCfg = Debug|x64
		{4B1D8FEE-375E-477F-A7C1-1B82D7FC2319}.Debug|x64.Build.0 = Debug|x64
		{4B1D8FEE-375E-477F-A7C1-1B82D7FC2319}.Debug|x86.ActiveCfg = Debug|x86
		{4B1D8FEE-375E-477F-A7C1-1B82D7FC2319}.Debug|x86.Build.0 = Debug|x86
		{4B1D8FEE-375E-477F-A7C1-1B82D7FC2319}.Release|Any CPU.ActiveCfg = Release|Any CPU
		{4B1D8FEE-375E-477F-A7C1-1B82D7FC2319}.Release|Any CPU.Build.0 = Release|Any CPU
		{4B1D8FEE-375E-477F-A7C1-1B82D7FC2319}.Release|x64.ActiveCfg = Release|x64
		{4B1D8FEE-375E-477F-A7C1-1B82D7FC2319}.Release|x64.Build.0 = Release|x64
		{4B1D8FEE-375E-477F-A7C1-1B82D7FC2319}.Release|x86.ActiveCfg = Release|x86
		{4B1D8FEE-375E-477F-A7C1-1B82D7FC2319}.Release|x86.Build.0 = Release|x86
		{558E9DBF-7190-480C-B1BE-6C96EAC310F9}.Debug|Any CPU.ActiveCfg = Debug|Any CPU
		{558E9DBF-7190-480C-B1BE-6C96EAC310F9}.Debug|Any CPU.Build.0 = Debug|Any CPU
		{558E9DBF-7190-480C-B1BE-6C96EAC310F9}.Debug|x64.ActiveCfg = Debug|x64
		{558E9DBF-7190-480C-B1BE-6C96EAC310F9}.Debug|x64.Build.0 = Debug|x64
		{558E9DBF-7190-480C-B1BE-6C96EAC310F9}.Debug|x86.ActiveCfg = Debug|x86
		{558E9DBF-7190-480C-B1BE-6C96EAC310F9}.Debug|x86.Build.0 = Debug|x86
		{558E9DBF-7190-480C-B1BE-6C96EAC310F9}.Release|Any CPU.ActiveCfg = Release|Any CPU
		{558E9DBF-7190-480C-B1BE-6C96EAC310F9}.Release|Any CPU.Build.0 = Release|Any CPU
		{558E9DBF-7190-480C-B1BE-6C96EAC310F9}.Release|x64.ActiveCfg = Release|x64
		{558E9DBF-7190-480C-B1BE-6C96EAC310F9}.Release|x64.Build.0 = Release|x64
		{558E9DBF-7190-480C-B1BE-6C96EAC310F9}.Release|x86.ActiveCfg = Release|x86
		{558E9DBF-7190-480C-B1BE-6C96EAC310F9}.Release|x86.Build.0 = Release|x86
		{A419A9FE-6748-4AFB-9D0B-0BE2CB1AA5A1}.Debug|Any CPU.ActiveCfg = Debug|Any CPU
		{A419A9FE-6748-4AFB-9D0B-0BE2CB1AA5A1}.Debug|Any CPU.Build.0 = Debug|Any CPU
		{A419A9FE-6748-4AFB-9D0B-0BE2CB1AA5A1}.Debug|x64.ActiveCfg = Debug|x64
		{A419A9FE-6748-4AFB-9D0B-0BE2CB1AA5A1}.Debug|x64.Build.0 = Debug|x64
		{A419A9FE-6748-4AFB-9D0B-0BE2CB1AA5A1}.Debug|x86.ActiveCfg = Debug|x86
		{A419A9FE-6748-4AFB-9D0B-0BE2CB1AA5A1}.Debug|x86.Build.0 = Debug|x86
		{A419A9FE-6748-4AFB-9D0B-0BE2CB1AA5A1}.Release|Any CPU.ActiveCfg = Release|Any CPU
		{A419A9FE-6748-4AFB-9D0B-0BE2CB1AA5A1}.Release|Any CPU.Build.0 = Release|Any CPU
		{A419A9FE-6748-4AFB-9D0B-0BE2CB1AA5A1}.Release|x64.ActiveCfg = Release|x64
		{A419A9FE-6748-4AFB-9D0B-0BE2CB1AA5A1}.Release|x64.Build.0 = Release|x64
		{A419A9FE-6748-4AFB-9D0B-0BE2CB1AA5A1}.Release|x86.ActiveCfg = Release|x86
		{A419A9FE-6748-4AFB-9D0B-0BE2CB1AA5A1}.Release|x86.Build.0 = Release|x86
		{0C33661A-BAC8-4275-9DF6-1FF8BE5965F9}.Debug|Any CPU.ActiveCfg = Debug|Any CPU
		{0C33661A-BAC8-4275-9DF6-1FF8BE5965F9}.Debug|Any CPU.Build.0 = Debug|Any CPU
		{0C33661A-BAC8-4275-9DF6-1FF8BE5965F9}.Debug|x64.ActiveCfg = Debug|x64
		{0C33661A-BAC8-4275-9DF6-1FF8BE5965F9}.Debug|x64.Build.0 = Debug|x64
		{0C33661A-BAC8-4275-9DF6-1FF8BE5965F9}.Debug|x86.ActiveCfg = Debug|x86
		{0C33661A-BAC8-4275-9DF6-1FF8BE5965F9}.Debug|x86.Build.0 = Debug|x86
		{0C33661A-BAC8-4275-9DF6-1FF8BE5965F9}.Release|Any CPU.ActiveCfg = Release|Any CPU
		{0C33661A-BAC8-4275-9DF6-1FF8BE5965F9}.Release|Any CPU.Build.0 = Release|Any CPU
		{0C33661A-BAC8-4275-9DF6-1FF8BE5965F9}.Release|x64.ActiveCfg = Release|x64
		{0C33661A-BAC8-4275-9DF6-1FF8BE5965F9}.Release|x64.Build.0 = Release|x64
		{0C33661A-BAC8-4275-9DF6-1FF8BE5965F9}.Release|x86.ActiveCfg = Release|x86
		{0C33661A-BAC8-4275-9DF6-1FF8BE5965F9}.Release|x86.Build.0 = Release|x86
	EndGlobalSection
	GlobalSection(SolutionProperties) = preSolution
		HideSolutionNode = FALSE
	EndGlobalSection
EndGlobal
