
Microsoft Visual Studio Solution File, Format Version 12.00
# Visual Studio 14
VisualStudioVersion = 14.0.24720.0
MinimumVisualStudioVersion = 10.0.40219.1
Project("{FAE04EC0-301F-11D3-BF4B-00C04F79EFBC}") = "Simpler.Net.FileSystem", "Simpler.Net.FileSystem\Simpler.Net.FileSystem.csproj", "{1A557205-2F66-441A-AE73-DA2CA3CDFD3C}"
EndProject
Project("{FAE04EC0-301F-11D3-BF4B-00C04F79EFBC}") = "Simpler.Net.FileSystem.Tests", "Simpler.Net.FileSystem.Tests\Simpler.Net.FileSystem.Tests.csproj", "{1E0CD169-0757-4DE2-A8C3-FFAAF7A33FF1}"
EndProject
Project("{FAE04EC0-301F-11D3-BF4B-00C04F79EFBC}") = "Simpler.Net", "Simpler.Net\Simpler.Net.csproj", "{06B0DF96-B013-411D-BAB5-996DDAB5E3B0}"
EndProject
Project("{FAE04EC0-301F-11D3-BF4B-00C04F79EFBC}") = "Simpler.Net.Events", "Simpler.Net.Events\Simpler.Net.Events.csproj", "{052B17E5-0E57-4BE5-B65C-1A8643903CC2}"
EndProject
Project("{FAE04EC0-301F-11D3-BF4B-00C04F79EFBC}") = "Simpler.Net.Wpf", "Simpler.Net.Wpf\Simpler.Net.Wpf.csproj", "{BFC31283-2491-494A-86D1-C462BB2808A5}"
EndProject
Project("{FAE04EC0-301F-11D3-BF4B-00C04F79EFBC}") = "Simpler.Net.Events.Tests", "Simpler.Net.Events.Tests\Simpler.Net.Events.Tests.csproj", "{14E2BA15-F413-4C9B-BC3B-4684237D63AA}"
EndProject
Project("{FAE04EC0-301F-11D3-BF4B-00C04F79EFBC}") = "Simpler.Net.Text", "Simpler.Net.Text\Simpler.Net.Text.csproj", "{4721D1EE-1DD9-45B5-858F-53D046E23FE4}"
EndProject
Project("{FAE04EC0-301F-11D3-BF4B-00C04F79EFBC}") = "Simpler.Net.Text.Tests", "Simpler.Net.Text.Tests\Simpler.Net.Text.Tests.csproj", "{A8379245-A7D0-4597-8C61-DB588E6CD659}"
EndProject
Project("{FAE04EC0-301F-11D3-BF4B-00C04F79EFBC}") = "Simpler.Net.Html", "Simpler.Net.Html\Simpler.Net.Html.csproj", "{72440594-CB5A-4228-AE9D-7D5EBAE9BBB8}"
EndProject
Project("{FAE04EC0-301F-11D3-BF4B-00C04F79EFBC}") = "Simpler.Net.Html.Tests", "Simpler.Net.Html.Tests\Simpler.Net.Html.Tests.csproj", "{BEC648FC-6F77-437B-9430-5EF628A2A0CD}"
EndProject
Project("{FAE04EC0-301F-11D3-BF4B-00C04F79EFBC}") = "Simpler.Net.Abstractions", "Simpler.Net.Abstractions\Simpler.Net.Abstractions.csproj", "{7DD9DC06-C5E8-4A73-B1E9-F6C60C54D83F}"
EndProject
Project("{FAE04EC0-301F-11D3-BF4B-00C04F79EFBC}") = "Simpler.Net.Time", "Simpler.Net.Time\Simpler.Net.Time.csproj", "{C882D97A-24E7-45B8-9C60-D83BD41DB973}"
EndProject
Project("{FAE04EC0-301F-11D3-BF4B-00C04F79EFBC}") = "Simpler.Net.Time.Tests", "Simpler.Net.Time.Tests\Simpler.Net.Time.Tests.csproj", "{0CDDAE1F-53E9-414F-95C6-B5321E571227}"
EndProject
Global
	GlobalSection(SolutionConfigurationPlatforms) = preSolution
		Debug|Any CPU = Debug|Any CPU
		Release|Any CPU = Release|Any CPU
	EndGlobalSection
	GlobalSection(ProjectConfigurationPlatforms) = postSolution
		{1A557205-2F66-441A-AE73-DA2CA3CDFD3C}.Debug|Any CPU.ActiveCfg = Debug|Any CPU
		{1A557205-2F66-441A-AE73-DA2CA3CDFD3C}.Debug|Any CPU.Build.0 = Debug|Any CPU
		{1A557205-2F66-441A-AE73-DA2CA3CDFD3C}.Release|Any CPU.ActiveCfg = Release|Any CPU
		{1A557205-2F66-441A-AE73-DA2CA3CDFD3C}.Release|Any CPU.Build.0 = Release|Any CPU
		{1E0CD169-0757-4DE2-A8C3-FFAAF7A33FF1}.Debug|Any CPU.ActiveCfg = Debug|Any CPU
		{1E0CD169-0757-4DE2-A8C3-FFAAF7A33FF1}.Debug|Any CPU.Build.0 = Debug|Any CPU
		{1E0CD169-0757-4DE2-A8C3-FFAAF7A33FF1}.Release|Any CPU.ActiveCfg = Release|Any CPU
		{1E0CD169-0757-4DE2-A8C3-FFAAF7A33FF1}.Release|Any CPU.Build.0 = Release|Any CPU
		{06B0DF96-B013-411D-BAB5-996DDAB5E3B0}.Debug|Any CPU.ActiveCfg = Debug|Any CPU
		{06B0DF96-B013-411D-BAB5-996DDAB5E3B0}.Debug|Any CPU.Build.0 = Debug|Any CPU
		{06B0DF96-B013-411D-BAB5-996DDAB5E3B0}.Release|Any CPU.ActiveCfg = Release|Any CPU
		{06B0DF96-B013-411D-BAB5-996DDAB5E3B0}.Release|Any CPU.Build.0 = Release|Any CPU
		{052B17E5-0E57-4BE5-B65C-1A8643903CC2}.Debug|Any CPU.ActiveCfg = Debug|Any CPU
		{052B17E5-0E57-4BE5-B65C-1A8643903CC2}.Debug|Any CPU.Build.0 = Debug|Any CPU
		{052B17E5-0E57-4BE5-B65C-1A8643903CC2}.Release|Any CPU.ActiveCfg = Release|Any CPU
		{052B17E5-0E57-4BE5-B65C-1A8643903CC2}.Release|Any CPU.Build.0 = Release|Any CPU
		{BFC31283-2491-494A-86D1-C462BB2808A5}.Debug|Any CPU.ActiveCfg = Debug|Any CPU
		{BFC31283-2491-494A-86D1-C462BB2808A5}.Debug|Any CPU.Build.0 = Debug|Any CPU
		{BFC31283-2491-494A-86D1-C462BB2808A5}.Release|Any CPU.ActiveCfg = Release|Any CPU
		{BFC31283-2491-494A-86D1-C462BB2808A5}.Release|Any CPU.Build.0 = Release|Any CPU
		{14E2BA15-F413-4C9B-BC3B-4684237D63AA}.Debug|Any CPU.ActiveCfg = Debug|Any CPU
		{14E2BA15-F413-4C9B-BC3B-4684237D63AA}.Debug|Any CPU.Build.0 = Debug|Any CPU
		{14E2BA15-F413-4C9B-BC3B-4684237D63AA}.Release|Any CPU.ActiveCfg = Release|Any CPU
		{14E2BA15-F413-4C9B-BC3B-4684237D63AA}.Release|Any CPU.Build.0 = Release|Any CPU
		{4721D1EE-1DD9-45B5-858F-53D046E23FE4}.Debug|Any CPU.ActiveCfg = Debug|Any CPU
		{4721D1EE-1DD9-45B5-858F-53D046E23FE4}.Debug|Any CPU.Build.0 = Debug|Any CPU
		{4721D1EE-1DD9-45B5-858F-53D046E23FE4}.Release|Any CPU.ActiveCfg = Release|Any CPU
		{4721D1EE-1DD9-45B5-858F-53D046E23FE4}.Release|Any CPU.Build.0 = Release|Any CPU
		{A8379245-A7D0-4597-8C61-DB588E6CD659}.Debug|Any CPU.ActiveCfg = Debug|Any CPU
		{A8379245-A7D0-4597-8C61-DB588E6CD659}.Debug|Any CPU.Build.0 = Debug|Any CPU
		{A8379245-A7D0-4597-8C61-DB588E6CD659}.Release|Any CPU.ActiveCfg = Release|Any CPU
		{A8379245-A7D0-4597-8C61-DB588E6CD659}.Release|Any CPU.Build.0 = Release|Any CPU
		{72440594-CB5A-4228-AE9D-7D5EBAE9BBB8}.Debug|Any CPU.ActiveCfg = Debug|Any CPU
		{72440594-CB5A-4228-AE9D-7D5EBAE9BBB8}.Debug|Any CPU.Build.0 = Debug|Any CPU
		{72440594-CB5A-4228-AE9D-7D5EBAE9BBB8}.Release|Any CPU.ActiveCfg = Release|Any CPU
		{72440594-CB5A-4228-AE9D-7D5EBAE9BBB8}.Release|Any CPU.Build.0 = Release|Any CPU
		{BEC648FC-6F77-437B-9430-5EF628A2A0CD}.Debug|Any CPU.ActiveCfg = Debug|Any CPU
		{BEC648FC-6F77-437B-9430-5EF628A2A0CD}.Debug|Any CPU.Build.0 = Debug|Any CPU
		{BEC648FC-6F77-437B-9430-5EF628A2A0CD}.Release|Any CPU.ActiveCfg = Release|Any CPU
		{BEC648FC-6F77-437B-9430-5EF628A2A0CD}.Release|Any CPU.Build.0 = Release|Any CPU
		{7DD9DC06-C5E8-4A73-B1E9-F6C60C54D83F}.Debug|Any CPU.ActiveCfg = Debug|Any CPU
		{7DD9DC06-C5E8-4A73-B1E9-F6C60C54D83F}.Debug|Any CPU.Build.0 = Debug|Any CPU
		{7DD9DC06-C5E8-4A73-B1E9-F6C60C54D83F}.Release|Any CPU.ActiveCfg = Release|Any CPU
		{7DD9DC06-C5E8-4A73-B1E9-F6C60C54D83F}.Release|Any CPU.Build.0 = Release|Any CPU
		{C882D97A-24E7-45B8-9C60-D83BD41DB973}.Debug|Any CPU.ActiveCfg = Debug|Any CPU
		{C882D97A-24E7-45B8-9C60-D83BD41DB973}.Debug|Any CPU.Build.0 = Debug|Any CPU
		{C882D97A-24E7-45B8-9C60-D83BD41DB973}.Release|Any CPU.ActiveCfg = Release|Any CPU
		{C882D97A-24E7-45B8-9C60-D83BD41DB973}.Release|Any CPU.Build.0 = Release|Any CPU
		{0CDDAE1F-53E9-414F-95C6-B5321E571227}.Debug|Any CPU.ActiveCfg = Debug|Any CPU
		{0CDDAE1F-53E9-414F-95C6-B5321E571227}.Debug|Any CPU.Build.0 = Debug|Any CPU
		{0CDDAE1F-53E9-414F-95C6-B5321E571227}.Release|Any CPU.ActiveCfg = Release|Any CPU
		{0CDDAE1F-53E9-414F-95C6-B5321E571227}.Release|Any CPU.Build.0 = Release|Any CPU
	EndGlobalSection
	GlobalSection(SolutionProperties) = preSolution
		HideSolutionNode = FALSE
	EndGlobalSection
EndGlobal
