
Microsoft Visual Studio Solution File, Format Version 12.00
# Visual Studio 15
VisualStudioVersion = 15.0.26430.6
MinimumVisualStudioVersion = 10.0.40219.1
Project("{9A19103F-16F7-4668-BE54-9A1E7A4F7556}") = "Simpler.Net.netstandard", "Simpler.Net\Simpler.Net.netstandard.csproj", "{D7D68D1F-402F-4B2B-B28B-58970360BD14}"
EndProject
Project("{9A19103F-16F7-4668-BE54-9A1E7A4F7556}") = "Simpler.Net.Text.netstandard", "Simpler.Net.Text\Simpler.Net.Text.netstandard.csproj", "{4B1D8FEE-375E-477F-A7C1-1B82D7FC2319}"
EndProject
Project("{9A19103F-16F7-4668-BE54-9A1E7A4F7556}") = "Simpler.Net.Http.netstandard", "D:\home\martin\dev\misc\Simpler.Net\Simpler.Net.Http\Simpler.Net.Http.netstandard.csproj", "{558E9DBF-7190-480C-B1BE-6C96EAC310F9}"
EndProject
Project("{9A19103F-16F7-4668-BE54-9A1E7A4F7556}") = "Simpler.Net.Time.netstandard", "Simpler.Net.Time\Simpler.Net.Time.netstandard.csproj", "{A419A9FE-6748-4AFB-9D0B-0BE2CB1AA5A1}"
EndProject
Project("{9A19103F-16F7-4668-BE54-9A1E7A4F7556}") = "Simpler.Net.Html.netstandard", "D:\home\martin\dev\misc\Simpler.Net\Simpler.Net.Html\Simpler.Net.Html.netstandard.csproj", "{CB88162D-0217-4B92-A390-9C5E4A303E4D}"
EndProject
Project("{9A19103F-16F7-4668-BE54-9A1E7A4F7556}") = "Simpler.Net.Mvc.netcore", "Simpler.Net.Mvc\Simpler.Net.Mvc.netcore.csproj", "{F0B3A701-F489-4E84-9C6A-150464F70875}"
EndProject
Project("{9A19103F-16F7-4668-BE54-9A1E7A4F7556}") = "Simpler.Net.Html.Tests", "Simpler.Net.Html.Tests\Simpler.Net.Html.Tests.csproj", "{567EAEF5-79E2-40CE-8A7A-EEE4BD4EA62F}"
EndProject
Project("{9A19103F-16F7-4668-BE54-9A1E7A4F7556}") = "Simpler.Net.Time.Tests", "Simpler.Net.Time.Tests\Simpler.Net.Time.Tests.csproj", "{6309D577-EEBB-42ED-A52A-FAB2FC3D6E3F}"
EndProject
Project("{9A19103F-16F7-4668-BE54-9A1E7A4F7556}") = "Simpler.Net.Io.netstandard", "Simpler.Net.Io\Simpler.Net.Io.netstandard.csproj", "{593ABFED-31C2-4B20-9C4B-87B4E38CB584}"
EndProject
Project("{FAE04EC0-301F-11D3-BF4B-00C04F79EFBC}") = "Simpler.Net.Tests", "Simpler.Net.Tests\Simpler.Net.Tests.csproj", "{AFF59505-3CDB-4BBC-AC13-BBEE0FBD35DB}"
EndProject
Global
	GlobalSection(SolutionConfigurationPlatforms) = preSolution
		Debug|Any CPU = Debug|Any CPU
		Debug|x64 = Debug|x64
		Debug|x86 = Debug|x86
		Release|Any CPU = Release|Any CPU
		Release|x64 = Release|x64
		Release|x86 = Release|x86
	EndGlobalSection
	GlobalSection(ProjectConfigurationPlatforms) = postSolution
		{D7D68D1F-402F-4B2B-B28B-58970360BD14}.Debug|Any CPU.ActiveCfg = Debug|Any CPU
		{D7D68D1F-402F-4B2B-B28B-58970360BD14}.Debug|Any CPU.Build.0 = Debug|Any CPU
		{D7D68D1F-402F-4B2B-B28B-58970360BD14}.Debug|x64.ActiveCfg = Debug|Any CPU
		{D7D68D1F-402F-4B2B-B28B-58970360BD14}.Debug|x64.Build.0 = Debug|Any CPU
		{D7D68D1F-402F-4B2B-B28B-58970360BD14}.Debug|x86.ActiveCfg = Debug|Any CPU
		{D7D68D1F-402F-4B2B-B28B-58970360BD14}.Debug|x86.Build.0 = Debug|Any CPU
		{D7D68D1F-402F-4B2B-B28B-58970360BD14}.Release|Any CPU.ActiveCfg = Release|Any CPU
		{D7D68D1F-402F-4B2B-B28B-58970360BD14}.Release|Any CPU.Build.0 = Release|Any CPU
		{D7D68D1F-402F-4B2B-B28B-58970360BD14}.Release|x64.ActiveCfg = Release|Any CPU
		{D7D68D1F-402F-4B2B-B28B-58970360BD14}.Release|x64.Build.0 = Release|Any CPU
		{D7D68D1F-402F-4B2B-B28B-58970360BD14}.Release|x86.ActiveCfg = Release|Any CPU
		{D7D68D1F-402F-4B2B-B28B-58970360BD14}.Release|x86.Build.0 = Release|Any CPU
		{4B1D8FEE-375E-477F-A7C1-1B82D7FC2319}.Debug|Any CPU.ActiveCfg = Debug|Any CPU
		{4B1D8FEE-375E-477F-A7C1-1B82D7FC2319}.Debug|Any CPU.Build.0 = Debug|Any CPU
		{4B1D8FEE-375E-477F-A7C1-1B82D7FC2319}.Debug|x64.ActiveCfg = Debug|Any CPU
		{4B1D8FEE-375E-477F-A7C1-1B82D7FC2319}.Debug|x64.Build.0 = Debug|Any CPU
		{4B1D8FEE-375E-477F-A7C1-1B82D7FC2319}.Debug|x86.ActiveCfg = Debug|Any CPU
		{4B1D8FEE-375E-477F-A7C1-1B82D7FC2319}.Debug|x86.Build.0 = Debug|Any CPU
		{4B1D8FEE-375E-477F-A7C1-1B82D7FC2319}.Release|Any CPU.ActiveCfg = Release|Any CPU
		{4B1D8FEE-375E-477F-A7C1-1B82D7FC2319}.Release|Any CPU.Build.0 = Release|Any CPU
		{4B1D8FEE-375E-477F-A7C1-1B82D7FC2319}.Release|x64.ActiveCfg = Release|Any CPU
		{4B1D8FEE-375E-477F-A7C1-1B82D7FC2319}.Release|x64.Build.0 = Release|Any CPU
		{4B1D8FEE-375E-477F-A7C1-1B82D7FC2319}.Release|x86.ActiveCfg = Release|Any CPU
		{4B1D8FEE-375E-477F-A7C1-1B82D7FC2319}.Release|x86.Build.0 = Release|Any CPU
		{558E9DBF-7190-480C-B1BE-6C96EAC310F9}.Debug|Any CPU.ActiveCfg = Debug|Any CPU
		{558E9DBF-7190-480C-B1BE-6C96EAC310F9}.Debug|Any CPU.Build.0 = Debug|Any CPU
		{558E9DBF-7190-480C-B1BE-6C96EAC310F9}.Debug|x64.ActiveCfg = Debug|Any CPU
		{558E9DBF-7190-480C-B1BE-6C96EAC310F9}.Debug|x64.Build.0 = Debug|Any CPU
		{558E9DBF-7190-480C-B1BE-6C96EAC310F9}.Debug|x86.ActiveCfg = Debug|Any CPU
		{558E9DBF-7190-480C-B1BE-6C96EAC310F9}.Debug|x86.Build.0 = Debug|Any CPU
		{558E9DBF-7190-480C-B1BE-6C96EAC310F9}.Release|Any CPU.ActiveCfg = Release|Any CPU
		{558E9DBF-7190-480C-B1BE-6C96EAC310F9}.Release|Any CPU.Build.0 = Release|Any CPU
		{558E9DBF-7190-480C-B1BE-6C96EAC310F9}.Release|x64.ActiveCfg = Release|Any CPU
		{558E9DBF-7190-480C-B1BE-6C96EAC310F9}.Release|x64.Build.0 = Release|Any CPU
		{558E9DBF-7190-480C-B1BE-6C96EAC310F9}.Release|x86.ActiveCfg = Release|Any CPU
		{558E9DBF-7190-480C-B1BE-6C96EAC310F9}.Release|x86.Build.0 = Release|Any CPU
		{A419A9FE-6748-4AFB-9D0B-0BE2CB1AA5A1}.Debug|Any CPU.ActiveCfg = Debug|Any CPU
		{A419A9FE-6748-4AFB-9D0B-0BE2CB1AA5A1}.Debug|Any CPU.Build.0 = Debug|Any CPU
		{A419A9FE-6748-4AFB-9D0B-0BE2CB1AA5A1}.Debug|x64.ActiveCfg = Debug|Any CPU
		{A419A9FE-6748-4AFB-9D0B-0BE2CB1AA5A1}.Debug|x64.Build.0 = Debug|Any CPU
		{A419A9FE-6748-4AFB-9D0B-0BE2CB1AA5A1}.Debug|x86.ActiveCfg = Debug|Any CPU
		{A419A9FE-6748-4AFB-9D0B-0BE2CB1AA5A1}.Debug|x86.Build.0 = Debug|Any CPU
		{A419A9FE-6748-4AFB-9D0B-0BE2CB1AA5A1}.Release|Any CPU.ActiveCfg = Release|Any CPU
		{A419A9FE-6748-4AFB-9D0B-0BE2CB1AA5A1}.Release|Any CPU.Build.0 = Release|Any CPU
		{A419A9FE-6748-4AFB-9D0B-0BE2CB1AA5A1}.Release|x64.ActiveCfg = Release|Any CPU
		{A419A9FE-6748-4AFB-9D0B-0BE2CB1AA5A1}.Release|x64.Build.0 = Release|Any CPU
		{A419A9FE-6748-4AFB-9D0B-0BE2CB1AA5A1}.Release|x86.ActiveCfg = Release|Any CPU
		{A419A9FE-6748-4AFB-9D0B-0BE2CB1AA5A1}.Release|x86.Build.0 = Release|Any CPU
		{CB88162D-0217-4B92-A390-9C5E4A303E4D}.Debug|Any CPU.ActiveCfg = Debug|Any CPU
		{CB88162D-0217-4B92-A390-9C5E4A303E4D}.Debug|Any CPU.Build.0 = Debug|Any CPU
		{CB88162D-0217-4B92-A390-9C5E4A303E4D}.Debug|x64.ActiveCfg = Debug|Any CPU
		{CB88162D-0217-4B92-A390-9C5E4A303E4D}.Debug|x64.Build.0 = Debug|Any CPU
		{CB88162D-0217-4B92-A390-9C5E4A303E4D}.Debug|x86.ActiveCfg = Debug|Any CPU
		{CB88162D-0217-4B92-A390-9C5E4A303E4D}.Debug|x86.Build.0 = Debug|Any CPU
		{CB88162D-0217-4B92-A390-9C5E4A303E4D}.Release|Any CPU.ActiveCfg = Release|Any CPU
		{CB88162D-0217-4B92-A390-9C5E4A303E4D}.Release|Any CPU.Build.0 = Release|Any CPU
		{CB88162D-0217-4B92-A390-9C5E4A303E4D}.Release|x64.ActiveCfg = Release|Any CPU
		{CB88162D-0217-4B92-A390-9C5E4A303E4D}.Release|x64.Build.0 = Release|Any CPU
		{CB88162D-0217-4B92-A390-9C5E4A303E4D}.Release|x86.ActiveCfg = Release|Any CPU
		{CB88162D-0217-4B92-A390-9C5E4A303E4D}.Release|x86.Build.0 = Release|Any CPU
		{F0B3A701-F489-4E84-9C6A-150464F70875}.Debug|Any CPU.ActiveCfg = Debug|Any CPU
		{F0B3A701-F489-4E84-9C6A-150464F70875}.Debug|Any CPU.Build.0 = Debug|Any CPU
		{F0B3A701-F489-4E84-9C6A-150464F70875}.Debug|x64.ActiveCfg = Debug|Any CPU
		{F0B3A701-F489-4E84-9C6A-150464F70875}.Debug|x64.Build.0 = Debug|Any CPU
		{F0B3A701-F489-4E84-9C6A-150464F70875}.Debug|x86.ActiveCfg = Debug|Any CPU
		{F0B3A701-F489-4E84-9C6A-150464F70875}.Debug|x86.Build.0 = Debug|Any CPU
		{F0B3A701-F489-4E84-9C6A-150464F70875}.Release|Any CPU.ActiveCfg = Release|Any CPU
		{F0B3A701-F489-4E84-9C6A-150464F70875}.Release|Any CPU.Build.0 = Release|Any CPU
		{F0B3A701-F489-4E84-9C6A-150464F70875}.Release|x64.ActiveCfg = Release|Any CPU
		{F0B3A701-F489-4E84-9C6A-150464F70875}.Release|x64.Build.0 = Release|Any CPU
		{F0B3A701-F489-4E84-9C6A-150464F70875}.Release|x86.ActiveCfg = Release|Any CPU
		{F0B3A701-F489-4E84-9C6A-150464F70875}.Release|x86.Build.0 = Release|Any CPU
		{567EAEF5-79E2-40CE-8A7A-EEE4BD4EA62F}.Debug|Any CPU.ActiveCfg = Debug|Any CPU
		{567EAEF5-79E2-40CE-8A7A-EEE4BD4EA62F}.Debug|Any CPU.Build.0 = Debug|Any CPU
		{567EAEF5-79E2-40CE-8A7A-EEE4BD4EA62F}.Debug|x64.ActiveCfg = Debug|Any CPU
		{567EAEF5-79E2-40CE-8A7A-EEE4BD4EA62F}.Debug|x64.Build.0 = Debug|Any CPU
		{567EAEF5-79E2-40CE-8A7A-EEE4BD4EA62F}.Debug|x86.ActiveCfg = Debug|Any CPU
		{567EAEF5-79E2-40CE-8A7A-EEE4BD4EA62F}.Debug|x86.Build.0 = Debug|Any CPU
		{567EAEF5-79E2-40CE-8A7A-EEE4BD4EA62F}.Release|Any CPU.ActiveCfg = Release|Any CPU
		{567EAEF5-79E2-40CE-8A7A-EEE4BD4EA62F}.Release|Any CPU.Build.0 = Release|Any CPU
		{567EAEF5-79E2-40CE-8A7A-EEE4BD4EA62F}.Release|x64.ActiveCfg = Release|Any CPU
		{567EAEF5-79E2-40CE-8A7A-EEE4BD4EA62F}.Release|x64.Build.0 = Release|Any CPU
		{567EAEF5-79E2-40CE-8A7A-EEE4BD4EA62F}.Release|x86.ActiveCfg = Release|Any CPU
		{567EAEF5-79E2-40CE-8A7A-EEE4BD4EA62F}.Release|x86.Build.0 = Release|Any CPU
		{6309D577-EEBB-42ED-A52A-FAB2FC3D6E3F}.Debug|Any CPU.ActiveCfg = Debug|Any CPU
		{6309D577-EEBB-42ED-A52A-FAB2FC3D6E3F}.Debug|Any CPU.Build.0 = Debug|Any CPU
		{6309D577-EEBB-42ED-A52A-FAB2FC3D6E3F}.Debug|x64.ActiveCfg = Debug|Any CPU
		{6309D577-EEBB-42ED-A52A-FAB2FC3D6E3F}.Debug|x64.Build.0 = Debug|Any CPU
		{6309D577-EEBB-42ED-A52A-FAB2FC3D6E3F}.Debug|x86.ActiveCfg = Debug|Any CPU
		{6309D577-EEBB-42ED-A52A-FAB2FC3D6E3F}.Debug|x86.Build.0 = Debug|Any CPU
		{6309D577-EEBB-42ED-A52A-FAB2FC3D6E3F}.Release|Any CPU.ActiveCfg = Release|Any CPU
		{6309D577-EEBB-42ED-A52A-FAB2FC3D6E3F}.Release|Any CPU.Build.0 = Release|Any CPU
		{6309D577-EEBB-42ED-A52A-FAB2FC3D6E3F}.Release|x64.ActiveCfg = Release|Any CPU
		{6309D577-EEBB-42ED-A52A-FAB2FC3D6E3F}.Release|x64.Build.0 = Release|Any CPU
		{6309D577-EEBB-42ED-A52A-FAB2FC3D6E3F}.Release|x86.ActiveCfg = Release|Any CPU
		{6309D577-EEBB-42ED-A52A-FAB2FC3D6E3F}.Release|x86.Build.0 = Release|Any CPU
		{593ABFED-31C2-4B20-9C4B-87B4E38CB584}.Debug|Any CPU.ActiveCfg = Debug|Any CPU
		{593ABFED-31C2-4B20-9C4B-87B4E38CB584}.Debug|Any CPU.Build.0 = Debug|Any CPU
		{593ABFED-31C2-4B20-9C4B-87B4E38CB584}.Debug|x64.ActiveCfg = Debug|Any CPU
		{593ABFED-31C2-4B20-9C4B-87B4E38CB584}.Debug|x64.Build.0 = Debug|Any CPU
		{593ABFED-31C2-4B20-9C4B-87B4E38CB584}.Debug|x86.ActiveCfg = Debug|Any CPU
		{593ABFED-31C2-4B20-9C4B-87B4E38CB584}.Debug|x86.Build.0 = Debug|Any CPU
		{593ABFED-31C2-4B20-9C4B-87B4E38CB584}.Release|Any CPU.ActiveCfg = Release|Any CPU
		{593ABFED-31C2-4B20-9C4B-87B4E38CB584}.Release|Any CPU.Build.0 = Release|Any CPU
		{593ABFED-31C2-4B20-9C4B-87B4E38CB584}.Release|x64.ActiveCfg = Release|Any CPU
		{593ABFED-31C2-4B20-9C4B-87B4E38CB584}.Release|x64.Build.0 = Release|Any CPU
		{593ABFED-31C2-4B20-9C4B-87B4E38CB584}.Release|x86.ActiveCfg = Release|Any CPU
		{593ABFED-31C2-4B20-9C4B-87B4E38CB584}.Release|x86.Build.0 = Release|Any CPU
		{AFF59505-3CDB-4BBC-AC13-BBEE0FBD35DB}.Debug|Any CPU.ActiveCfg = Debug|Any CPU
		{AFF59505-3CDB-4BBC-AC13-BBEE0FBD35DB}.Debug|Any CPU.Build.0 = Debug|Any CPU
		{AFF59505-3CDB-4BBC-AC13-BBEE0FBD35DB}.Debug|x64.ActiveCfg = Debug|Any CPU
		{AFF59505-3CDB-4BBC-AC13-BBEE0FBD35DB}.Debug|x64.Build.0 = Debug|Any CPU
		{AFF59505-3CDB-4BBC-AC13-BBEE0FBD35DB}.Debug|x86.ActiveCfg = Debug|Any CPU
		{AFF59505-3CDB-4BBC-AC13-BBEE0FBD35DB}.Debug|x86.Build.0 = Debug|Any CPU
		{AFF59505-3CDB-4BBC-AC13-BBEE0FBD35DB}.Release|Any CPU.ActiveCfg = Release|Any CPU
		{AFF59505-3CDB-4BBC-AC13-BBEE0FBD35DB}.Release|Any CPU.Build.0 = Release|Any CPU
		{AFF59505-3CDB-4BBC-AC13-BBEE0FBD35DB}.Release|x64.ActiveCfg = Release|Any CPU
		{AFF59505-3CDB-4BBC-AC13-BBEE0FBD35DB}.Release|x64.Build.0 = Release|Any CPU
		{AFF59505-3CDB-4BBC-AC13-BBEE0FBD35DB}.Release|x86.ActiveCfg = Release|Any CPU
		{AFF59505-3CDB-4BBC-AC13-BBEE0FBD35DB}.Release|x86.Build.0 = Release|Any CPU
	EndGlobalSection
	GlobalSection(SolutionProperties) = preSolution
		HideSolutionNode = FALSE
	EndGlobalSection
	GlobalSection(ExtensibilityGlobals) = postSolution
		SolutionGuid = {E5B7C9B9-2BC8-48EE-A39B-EC682C08C22E}
	EndGlobalSection
EndGlobal
